
Microsoft Visual Studio Solution File, Format Version 12.00
# Visual Studio 15
VisualStudioVersion = 15.0.28010.2003
MinimumVisualStudioVersion = 10.0.40219.1
Project("{F184B08F-C81C-45F6-A57F-5ABD9991F28F}") = "ffmpeg Script Creator", "ffmpeg Script Creator\ffmpeg Script Creator.vbproj", "{1F250E7B-1BEA-41DF-A992-1FFB890C30AE}"
EndProject
Project("{F184B08F-C81C-45F6-A57F-5ABD9991F28F}") = "FFmpeg Script Creator GUI", "FFmpeg Script Creator GUI\FFmpeg Script Creator GUI.vbproj", "{0AC96A61-74EE-4F7B-8309-21DDC44CD464}"
EndProject
Global
	GlobalSection(SolutionConfigurationPlatforms) = preSolution
		Debug|Any CPU = Debug|Any CPU
		Release|Any CPU = Release|Any CPU
	EndGlobalSection
	GlobalSection(ProjectConfigurationPlatforms) = postSolution
		{1F250E7B-1BEA-41DF-A992-1FFB890C30AE}.Debug|Any CPU.ActiveCfg = Debug|Any CPU
		{1F250E7B-1BEA-41DF-A992-1FFB890C30AE}.Debug|Any CPU.Build.0 = Debug|Any CPU
		{1F250E7B-1BEA-41DF-A992-1FFB890C30AE}.Release|Any CPU.ActiveCfg = Release|Any CPU
		{1F250E7B-1BEA-41DF-A992-1FFB890C30AE}.Release|Any CPU.Build.0 = Release|Any CPU
		{0AC96A61-74EE-4F7B-8309-21DDC44CD464}.Debug|Any CPU.ActiveCfg = Debug|Any CPU
		{0AC96A61-74EE-4F7B-8309-21DDC44CD464}.Debug|Any CPU.Build.0 = Debug|Any CPU
		{0AC96A61-74EE-4F7B-8309-21DDC44CD464}.Release|Any CPU.ActiveCfg = Release|Any CPU
		{0AC96A61-74EE-4F7B-8309-21DDC44CD464}.Release|Any CPU.Build.0 = Release|Any CPU
	EndGlobalSection
	GlobalSection(SolutionProperties) = preSolution
		HideSolutionNode = FALSE
	EndGlobalSection
	GlobalSection(ExtensibilityGlobals) = postSolution
		SolutionGuid = {60EC2897-24F4-4FB6-AA1D-71433873D23F}
	EndGlobalSection
EndGlobal
